// !$*UTF8*$!
{
	archiveVersion = 1;
	classes = {
	};
	objectVersion = 77;
	objects = {

/* Begin PBXBuildFile section */
		CC7492172D05911D00FD034D /* Untitled.swift in Sources */ = {isa = PBXBuildFile; fileRef = CC7492162D05911700FD034D /* Untitled.swift */; };
/* End PBXBuildFile section */

/* Begin PBXContainerItemProxy section */
		CC0F8D772D044961009F4013 /* PBXContainerItemProxy */ = {
			isa = PBXContainerItemProxy;
			containerPortal = CC0F8D5E2D04495E009F4013 /* Project object */;
			proxyType = 1;
			remoteGlobalIDString = CC0F8D652D04495E009F4013;
			remoteInfo = SmackTown;
		};
		CC0F8D812D044961009F4013 /* PBXContainerItemProxy */ = {
			isa = PBXContainerItemProxy;
			containerPortal = CC0F8D5E2D04495E009F4013 /* Project object */;
			proxyType = 1;
			remoteGlobalIDString = CC0F8D652D04495E009F4013;
			remoteInfo = SmackTown;
		};
/* End PBXContainerItemProxy section */

/* Begin PBXFileReference section */
		CC0F8D662D04495E009F4013 /* SmackTown.app */ = {isa = PBXFileReference; explicitFileType = wrapper.application; includeInIndex = 0; path = SmackTown.app; sourceTree = BUILT_PRODUCTS_DIR; };
		CC0F8D762D044961009F4013 /* SmackTownTests.xctest */ = {isa = PBXFileReference; explicitFileType = wrapper.cfbundle; includeInIndex = 0; path = SmackTownTests.xctest; sourceTree = BUILT_PRODUCTS_DIR; };
		CC0F8D802D044961009F4013 /* SmackTownUITests.xctest */ = {isa = PBXFileReference; explicitFileType = wrapper.cfbundle; includeInIndex = 0; path = SmackTownUITests.xctest; sourceTree = BUILT_PRODUCTS_DIR; };
		CC7492162D05911700FD034D /* Untitled.swift */ = {isa = PBXFileReference; lastKnownFileType = sourcecode.swift; path = Untitled.swift; sourceTree = "<group>"; };
/* End PBXFileReference section */

/* Begin PBXFileSystemSynchronizedBuildFileExceptionSet section */
		CC6795C72D04813C00AFD5A0 /* Exceptions for "SmackTown" folder in "SmackTownTests" target */ = {
			isa = PBXFileSystemSynchronizedBuildFileExceptionSet;
			membershipExceptions = (
				"Fonts/Montserrat-Bold.ttf",
				"Fonts/Montserrat-Regular.ttf",
				"Fonts/MYRIADPRO-BOLD.OTF",
				"Fonts/MYRIADPRO-REGULAR.OTF",
				"Fonts/MYRIADPRO-SEMIBOLDIT.OTF",
			);
			target = CC0F8D752D044961009F4013 /* SmackTownTests */;
		};
		CC6795C82D04813C00AFD5A0 /* Exceptions for "SmackTown" folder in "SmackTownUITests" target */ = {
			isa = PBXFileSystemSynchronizedBuildFileExceptionSet;
			membershipExceptions = (
				"Fonts/Montserrat-Bold.ttf",
				"Fonts/Montserrat-Regular.ttf",
				"Fonts/MYRIADPRO-BOLD.OTF",
				"Fonts/MYRIADPRO-REGULAR.OTF",
				"Fonts/MYRIADPRO-SEMIBOLDIT.OTF",
			);
			target = CC0F8D7F2D044961009F4013 /* SmackTownUITests */;
		};
		CC6795CA2D04815C00AFD5A0 /* Exceptions for "SmackTown" folder in "SmackTown" target */ = {
			isa = PBXFileSystemSynchronizedBuildFileExceptionSet;
			membershipExceptions = (
				Info.plist,
			);
			target = CC0F8D652D04495E009F4013 /* SmackTown */;
		};
/* End PBXFileSystemSynchronizedBuildFileExceptionSet section */

/* Begin PBXFileSystemSynchronizedRootGroup section */
		CC0F8D682D04495E009F4013 /* SmackTown */ = {
			isa = PBXFileSystemSynchronizedRootGroup;
			exceptions = (
				CC6795CA2D04815C00AFD5A0 /* Exceptions for "SmackTown" folder in "SmackTown" target */,
				CC6795C72D04813C00AFD5A0 /* Exceptions for "SmackTown" folder in "SmackTownTests" target */,
				CC6795C82D04813C00AFD5A0 /* Exceptions for "SmackTown" folder in "SmackTownUITests" target */,
			);
			path = SmackTown;
			sourceTree = "<group>";
		};
		CC0F8D792D044961009F4013 /* SmackTownTests */ = {
			isa = PBXFileSystemSynchronizedRootGroup;
			path = SmackTownTests;
			sourceTree = "<group>";
		};
		CC0F8D832D044961009F4013 /* SmackTownUITests */ = {
			isa = PBXFileSystemSynchronizedRootGroup;
			path = SmackTownUITests;
			sourceTree = "<group>";
		};
/* End PBXFileSystemSynchronizedRootGroup section */

/* Begin PBXFrameworksBuildPhase section */
		CC0F8D632D04495E009F4013 /* Frameworks */ = {
			isa = PBXFrameworksBuildPhase;
			buildActionMask = 2147483647;
			files = (
			);
			runOnlyForDeploymentPostprocessing = 0;
		};
		CC0F8D732D044961009F4013 /* Frameworks */ = {
			isa = PBXFrameworksBuildPhase;
			buildActionMask = 2147483647;
			files = (
			);
			runOnlyForDeploymentPostprocessing = 0;
		};
		CC0F8D7D2D044961009F4013 /* Frameworks */ = {
			isa = PBXFrameworksBuildPhase;
			buildActionMask = 2147483647;
			files = (
			);
			runOnlyForDeploymentPostprocessing = 0;
		};
/* End PBXFrameworksBuildPhase section */

/* Begin PBXGroup section */
		CC0F8D5D2D04495E009F4013 = {
			isa = PBXGroup;
			children = (
				CC0F8D682D04495E009F4013 /* SmackTown */,
				CC0F8D792D044961009F4013 /* SmackTownTests */,
				CC0F8D832D044961009F4013 /* SmackTownUITests */,
				CC0F8D672D04495E009F4013 /* Products */,
				CC7492162D05911700FD034D /* Untitled.swift */,
			);
			sourceTree = "<group>";
		};
		CC0F8D672D04495E009F4013 /* Products */ = {
			isa = PBXGroup;
			children = (
				CC0F8D662D04495E009F4013 /* SmackTown.app */,
				CC0F8D762D044961009F4013 /* SmackTownTests.xctest */,
				CC0F8D802D044961009F4013 /* SmackTownUITests.xctest */,
			);
			name = Products;
			sourceTree = "<group>";
		};
/* End PBXGroup section */

/* Begin PBXNativeTarget section */
		CC0F8D652D04495E009F4013 /* SmackTown */ = {
			isa = PBXNativeTarget;
			buildConfigurationList = CC0F8D8A2D044961009F4013 /* Build configuration list for PBXNativeTarget "SmackTown" */;
			buildPhases = (
				CC0F8D622D04495E009F4013 /* Sources */,
				CC0F8D632D04495E009F4013 /* Frameworks */,
				CC0F8D642D04495E009F4013 /* Resources */,
			);
			buildRules = (
			);
			dependencies = (
			);
			fileSystemSynchronizedGroups = (
				CC0F8D682D04495E009F4013 /* SmackTown */,
			);
			name = SmackTown;
			packageProductDependencies = (
			);
			productName = SmackTown;
			productReference = CC0F8D662D04495E009F4013 /* SmackTown.app */;
			productType = "com.apple.product-type.application";
		};
		CC0F8D752D044961009F4013 /* SmackTownTests */ = {
			isa = PBXNativeTarget;
			buildConfigurationList = CC0F8D8D2D044961009F4013 /* Build configuration list for PBXNativeTarget "SmackTownTests" */;
			buildPhases = (
				CC0F8D722D044961009F4013 /* Sources */,
				CC0F8D732D044961009F4013 /* Frameworks */,
				CC0F8D742D044961009F4013 /* Resources */,
			);
			buildRules = (
			);
			dependencies = (
				CC0F8D782D044961009F4013 /* PBXTargetDependency */,
			);
			fileSystemSynchronizedGroups = (
				CC0F8D792D044961009F4013 /* SmackTownTests */,
			);
			name = SmackTownTests;
			packageProductDependencies = (
			);
			productName = SmackTownTests;
			productReference = CC0F8D762D044961009F4013 /* SmackTownTests.xctest */;
			productType = "com.apple.product-type.bundle.unit-test";
		};
		CC0F8D7F2D044961009F4013 /* SmackTownUITests */ = {
			isa = PBXNativeTarget;
			buildConfigurationList = CC0F8D902D044961009F4013 /* Build configuration list for PBXNativeTarget "SmackTownUITests" */;
			buildPhases = (
				CC0F8D7C2D044961009F4013 /* Sources */,
				CC0F8D7D2D044961009F4013 /* Frameworks */,
				CC0F8D7E2D044961009F4013 /* Resources */,
			);
			buildRules = (
			);
			dependencies = (
				CC0F8D822D044961009F4013 /* PBXTargetDependency */,
			);
			fileSystemSynchronizedGroups = (
				CC0F8D832D044961009F4013 /* SmackTownUITests */,
			);
			name = SmackTownUITests;
			packageProductDependencies = (
			);
			productName = SmackTownUITests;
			productReference = CC0F8D802D044961009F4013 /* SmackTownUITests.xctest */;
			productType = "com.apple.product-type.bundle.ui-testing";
		};
/* End PBXNativeTarget section */

/* Begin PBXProject section */
		CC0F8D5E2D04495E009F4013 /* Project object */ = {
			isa = PBXProject;
			attributes = {
				BuildIndependentTargetsInParallel = 1;
				LastSwiftUpdateCheck = 1600;
				LastUpgradeCheck = 1600;
				TargetAttributes = {
					CC0F8D652D04495E009F4013 = {
						CreatedOnToolsVersion = 16.0;
					};
					CC0F8D752D044961009F4013 = {
						CreatedOnToolsVersion = 16.0;
						TestTargetID = CC0F8D652D04495E009F4013;
					};
					CC0F8D7F2D044961009F4013 = {
						CreatedOnToolsVersion = 16.0;
						TestTargetID = CC0F8D652D04495E009F4013;
					};
				};
			};
			buildConfigurationList = CC0F8D612D04495E009F4013 /* Build configuration list for PBXProject "SmackTown" */;
			developmentRegion = en;
			hasScannedForEncodings = 0;
			knownRegions = (
				en,
				Base,
			);
			mainGroup = CC0F8D5D2D04495E009F4013;
			minimizedProjectReferenceProxies = 1;
			preferredProjectObjectVersion = 77;
			productRefGroup = CC0F8D672D04495E009F4013 /* Products */;
			projectDirPath = "";
			projectRoot = "";
			targets = (
				CC0F8D652D04495E009F4013 /* SmackTown */,
				CC0F8D752D044961009F4013 /* SmackTownTests */,
				CC0F8D7F2D044961009F4013 /* SmackTownUITests */,
			);
		};
/* End PBXProject section */

/* Begin PBXResourcesBuildPhase section */
		CC0F8D642D04495E009F4013 /* Resources */ = {
			isa = PBXResourcesBuildPhase;
			buildActionMask = 2147483647;
			files = (
			);
			runOnlyForDeploymentPostprocessing = 0;
		};
		CC0F8D742D044961009F4013 /* Resources */ = {
			isa = PBXResourcesBuildPhase;
			buildActionMask = 2147483647;
			files = (
			);
			runOnlyForDeploymentPostprocessing = 0;
		};
		CC0F8D7E2D044961009F4013 /* Resources */ = {
			isa = PBXResourcesBuildPhase;
			buildActionMask = 2147483647;
			files = (
			);
			runOnlyForDeploymentPostprocessing = 0;
		};
/* End PBXResourcesBuildPhase section */

/* Begin PBXSourcesBuildPhase section */
		CC0F8D622D04495E009F4013 /* Sources */ = {
			isa = PBXSourcesBuildPhase;
			buildActionMask = 2147483647;
			files = (
				CC7492172D05911D00FD034D /* Untitled.swift in Sources */,
			);
			runOnlyForDeploymentPostprocessing = 0;
		};
		CC0F8D722D044961009F4013 /* Sources */ = {
			isa = PBXSourcesBuildPhase;
			buildActionMask = 2147483647;
			files = (
			);
			runOnlyForDeploymentPostprocessing = 0;
		};
		CC0F8D7C2D044961009F4013 /* Sources */ = {
			isa = PBXSourcesBuildPhase;
			buildActionMask = 2147483647;
			files = (
			);
			runOnlyForDeploymentPostprocessing = 0;
		};
/* End PBXSourcesBuildPhase section */

/* Begin PBXTargetDependency section */
		CC0F8D782D044961009F4013 /* PBXTargetDependency */ = {
			isa = PBXTargetDependency;
			target = CC0F8D652D04495E009F4013 /* SmackTown */;
			targetProxy = CC0F8D772D044961009F4013 /* PBXContainerItemProxy */;
		};
		CC0F8D822D044961009F4013 /* PBXTargetDependency */ = {
			isa = PBXTargetDependency;
			target = CC0F8D652D04495E009F4013 /* SmackTown */;
			targetProxy = CC0F8D812D044961009F4013 /* PBXContainerItemProxy */;
		};
/* End PBXTargetDependency section */

/* Begin XCBuildConfiguration section */
		CC0F8D882D044961009F4013 /* Debug */ = {
			isa = XCBuildConfiguration;
			buildSettings = {
				ALWAYS_SEARCH_USER_PATHS = NO;
				ASSETCATALOG_COMPILER_GENERATE_SWIFT_ASSET_SYMBOL_EXTENSIONS = YES;
				CLANG_ANALYZER_NONNULL = YES;
				CLANG_ANALYZER_NUMBER_OBJECT_CONVERSION = YES_AGGRESSIVE;
				CLANG_CXX_LANGUAGE_STANDARD = "gnu++20";
				CLANG_ENABLE_MODULES = YES;
				CLANG_ENABLE_OBJC_ARC = YES;
				CLANG_ENABLE_OBJC_WEAK = YES;
				CLANG_WARN_BLOCK_CAPTURE_AUTORELEASING = YES;
				CLANG_WARN_BOOL_CONVERSION = YES;
				CLANG_WARN_COMMA = YES;
				CLANG_WARN_CONSTANT_CONVERSION = YES;
				CLANG_WARN_DEPRECATED_OBJC_IMPLEMENTATIONS = YES;
				CLANG_WARN_DIRECT_OBJC_ISA_USAGE = YES_ERROR;
				CLANG_WARN_DOCUMENTATION_COMMENTS = YES;
				CLANG_WARN_EMPTY_BODY = YES;
				CLANG_WARN_ENUM_CONVERSION = YES;
				CLANG_WARN_INFINITE_RECURSION = YES;
				CLANG_WARN_INT_CONVERSION = YES;
				CLANG_WARN_NON_LITERAL_NULL_CONVERSION = YES;
				CLANG_WARN_OBJC_IMPLICIT_RETAIN_SELF = YES;
				CLANG_WARN_OBJC_LITERAL_CONVERSION = YES;
				CLANG_WARN_OBJC_ROOT_CLASS = YES_ERROR;
				CLANG_WARN_QUOTED_INCLUDE_IN_FRAMEWORK_HEADER = YES;
				CLANG_WARN_RANGE_LOOP_ANALYSIS = YES;
				CLANG_WARN_STRICT_PROTOTYPES = YES;
				CLANG_WARN_SUSPICIOUS_MOVE = YES;
				CLANG_WARN_UNGUARDED_AVAILABILITY = YES_AGGRESSIVE;
				CLANG_WARN_UNREACHABLE_CODE = YES;
				CLANG_WARN__DUPLICATE_METHOD_MATCH = YES;
				COPY_PHASE_STRIP = NO;
				DEBUG_INFORMATION_FORMAT = dwarf;
				ENABLE_STRICT_OBJC_MSGSEND = YES;
				ENABLE_TESTABILITY = YES;
				ENABLE_USER_SCRIPT_SANDBOXING = YES;
				GCC_C_LANGUAGE_STANDARD = gnu17;
				GCC_DYNAMIC_NO_PIC = NO;
				GCC_NO_COMMON_BLOCKS = YES;
				GCC_OPTIMIZATION_LEVEL = 0;
				GCC_PREPROCESSOR_DEFINITIONS = (
					"DEBUG=1",
					"$(inherited)",
				);
				GCC_WARN_64_TO_32_BIT_CONVERSION = YES;
				GCC_WARN_ABOUT_RETURN_TYPE = YES_ERROR;
				GCC_WARN_UNDECLARED_SELECTOR = YES;
				GCC_WARN_UNINITIALIZED_AUTOS = YES_AGGRESSIVE;
				GCC_WARN_UNUSED_FUNCTION = YES;
				GCC_WARN_UNUSED_VARIABLE = YES;
				IPHONEOS_DEPLOYMENT_TARGET = 18.0;
				LOCALIZATION_PREFERS_STRING_CATALOGS = YES;
				MTL_ENABLE_DEBUG_INFO = INCLUDE_SOURCE;
				MTL_FAST_MATH = YES;
				ONLY_ACTIVE_ARCH = YES;
				SDKROOT = iphoneos;
				SWIFT_ACTIVE_COMPILATION_CONDITIONS = "DEBUG $(inherited)";
				SWIFT_OPTIMIZATION_LEVEL = "-Onone";
			};
			name = Debug;
		};
		CC0F8D892D044961009F4013 /* Release */ = {
			isa = XCBuildConfiguration;
			buildSettings = {
				ALWAYS_SEARCH_USER_PATHS = NO;
				ASSETCATALOG_COMPILER_GENERATE_SWIFT_ASSET_SYMBOL_EXTENSIONS = YES;
				CLANG_ANALYZER_NONNULL = YES;
				CLANG_ANALYZER_NUMBER_OBJECT_CONVERSION = YES_AGGRESSIVE;
				CLANG_CXX_LANGUAGE_STANDARD = "gnu++20";
				CLANG_ENABLE_MODULES = YES;
				CLANG_ENABLE_OBJC_ARC = YES;
				CLANG_ENABLE_OBJC_WEAK = YES;
				CLANG_WARN_BLOCK_CAPTURE_AUTORELEASING = YES;
				CLANG_WARN_BOOL_CONVERSION = YES;
				CLANG_WARN_COMMA = YES;
				CLANG_WARN_CONSTANT_CONVERSION = YES;
				CLANG_WARN_DEPRECATED_OBJC_IMPLEMENTATIONS = YES;
				CLANG_WARN_DIRECT_OBJC_ISA_USAGE = YES_ERROR;
				CLANG_WARN_DOCUMENTATION_COMMENTS = YES;
				CLANG_WARN_EMPTY_BODY = YES;
				CLANG_WARN_ENUM_CONVERSION = YES;
				CLANG_WARN_INFINITE_RECURSION = YES;
				CLANG_WARN_INT_CONVERSION = YES;
				CLANG_WARN_NON_LITERAL_NULL_CONVERSION = YES;
				CLANG_WARN_OBJC_IMPLICIT_RETAIN_SELF = YES;
				CLANG_WARN_OBJC_LITERAL_CONVERSION = YES;
				CLANG_WARN_OBJC_ROOT_CLASS = YES_ERROR;
				CLANG_WARN_QUOTED_INCLUDE_IN_FRAMEWORK_HEADER = YES;
				CLANG_WARN_RANGE_LOOP_ANALYSIS = YES;
				CLANG_WARN_STRICT_PROTOTYPES = YES;
				CLANG_WARN_SUSPICIOUS_MOVE = YES;
				CLANG_WARN_UNGUARDED_AVAILABILITY = YES_AGGRESSIVE;
				CLANG_WARN_UNREACHABLE_CODE = YES;
				CLANG_WARN__DUPLICATE_METHOD_MATCH = YES;
				COPY_PHASE_STRIP = NO;
				DEBUG_INFORMATION_FORMAT = "dwarf-with-dsym";
				ENABLE_NS_ASSERTIONS = NO;
				ENABLE_STRICT_OBJC_MSGSEND = YES;
				ENABLE_USER_SCRIPT_SANDBOXING = YES;
				GCC_C_LANGUAGE_STANDARD = gnu17;
				GCC_NO_COMMON_BLOCKS = YES;
				GCC_WARN_64_TO_32_BIT_CONVERSION = YES;
				GCC_WARN_ABOUT_RETURN_TYPE = YES_ERROR;
				GCC_WARN_UNDECLARED_SELECTOR = YES;
				GCC_WARN_UNINITIALIZED_AUTOS = YES_AGGRESSIVE;
				GCC_WARN_UNUSED_FUNCTION = YES;
				GCC_WARN_UNUSED_VARIABLE = YES;
				IPHONEOS_DEPLOYMENT_TARGET = 18.0;
				LOCALIZATION_PREFERS_STRING_CATALOGS = YES;
				MTL_ENABLE_DEBUG_INFO = NO;
				MTL_FAST_MATH = YES;
				SDKROOT = iphoneos;
				SWIFT_COMPILATION_MODE = wholemodule;
				VALIDATE_PRODUCT = YES;
			};
			name = Release;
		};
		CC0F8D8B2D044961009F4013 /* Debug */ = {
			isa = XCBuildConfiguration;
			buildSettings = {
				ASSETCATALOG_COMPILER_APPICON_NAME = AppIcon;
				ASSETCATALOG_COMPILER_GLOBAL_ACCENT_COLOR_NAME = AccentColor;
				CODE_SIGN_STYLE = Automatic;
				CURRENT_PROJECT_VERSION = 1;
				DEVELOPMENT_ASSET_PATHS = "\"SmackTown/Preview Content\"";
				ENABLE_PREVIEWS = YES;
				GENERATE_INFOPLIST_FILE = YES;
				INFOPLIST_FILE = SmackTown/Info.plist;
				INFOPLIST_KEY_UIApplicationSceneManifest_Generation = YES;
				INFOPLIST_KEY_UIApplicationSupportsIndirectInputEvents = YES;
				INFOPLIST_KEY_UILaunchScreen_Generation = YES;
				INFOPLIST_KEY_UISupportedInterfaceOrientations_iPad = "UIInterfaceOrientationPortrait UIInterfaceOrientationPortraitUpsideDown UIInterfaceOrientationLandscapeLeft UIInterfaceOrientationLandscapeRight";
				INFOPLIST_KEY_UISupportedInterfaceOrientations_iPhone = "UIInterfaceOrientationPortrait UIInterfaceOrientationLandscapeLeft UIInterfaceOrientationLandscapeRight";
				LD_RUNPATH_SEARCH_PATHS = (
					"$(inherited)",
					"@executable_path/Frameworks",
				);
				MARKETING_VERSION = 1.0;
				PRODUCT_BUNDLE_IDENTIFIER = "press-f.SmackTown";
				PRODUCT_NAME = "$(TARGET_NAME)";
				SWIFT_EMIT_LOC_STRINGS = YES;
				SWIFT_VERSION = 5.0;
				TARGETED_DEVICE_FAMILY = "1,2";
			};
			name = Debug;
		};
		CC0F8D8C2D044961009F4013 /* Release */ = {
			isa = XCBuildConfiguration;
			buildSettings = {
				ASSETCATALOG_COMPILER_APPICON_NAME = AppIcon;
				ASSETCATALOG_COMPILER_GLOBAL_ACCENT_COLOR_NAME = AccentColor;
				CODE_SIGN_STYLE = Automatic;
				CURRENT_PROJECT_VERSION = 1;
				DEVELOPMENT_ASSET_PATHS = "\"SmackTown/Preview Content\"";
				ENABLE_PREVIEWS = YES;
				GENERATE_INFOPLIST_FILE = YES;
				INFOPLIST_FILE = SmackTown/Info.plist;
				INFOPLIST_KEY_UIApplicationSceneManifest_Generation = YES;
				INFOPLIST_KEY_UIApplicationSupportsIndirectInputEvents = YES;
				INFOPLIST_KEY_UILaunchScreen_Generation = YES;
				INFOPLIST_KEY_UISupportedInterfaceOrientations_iPad = "UIInterfaceOrientationPortrait UIInterfaceOrientationPortraitUpsideDown UIInterfaceOrientationLandscapeLeft UIInterfaceOrientationLandscapeRight";
				INFOPLIST_KEY_UISupportedInterfaceOrientations_iPhone = "UIInterfaceOrientationPortrait UIInterfaceOrientationLandscapeLeft UIInterfaceOrientationLandscapeRight";
				LD_RUNPATH_SEARCH_PATHS = (
					"$(inherited)",
					"@executable_path/Frameworks",
				);
				MARKETING_VERSION = 1.0;
				PRODUCT_BUNDLE_IDENTIFIER = "press-f.SmackTown";
				PRODUCT_NAME = "$(TARGET_NAME)";
				SWIFT_EMIT_LOC_STRINGS = YES;
				SWIFT_VERSION = 5.0;
				TARGETED_DEVICE_FAMILY = "1,2";
			};
			name = Release;
		};
		CC0F8D8E2D044961009F4013 /* Debug */ = {
			isa = XCBuildConfiguration;
			buildSettings = {
				BUNDLE_LOADER = "$(TEST_HOST)";
				CODE_SIGN_STYLE = Automatic;
				CURRENT_PROJECT_VERSION = 1;
				GENERATE_INFOPLIST_FILE = YES;
				IPHONEOS_DEPLOYMENT_TARGET = 18.0;
				MARKETING_VERSION = 1.0;
				PRODUCT_BUNDLE_IDENTIFIER = "press-f.SmackTownTests";
				PRODUCT_NAME = "$(TARGET_NAME)";
				SWIFT_EMIT_LOC_STRINGS = NO;
				SWIFT_VERSION = 5.0;
				TARGETED_DEVICE_FAMILY = "1,2";
				TEST_HOST = "$(BUILT_PRODUCTS_DIR)/SmackTown.app/$(BUNDLE_EXECUTABLE_FOLDER_PATH)/SmackTown";
			};
			name = Debug;
		};
		CC0F8D8F2D044961009F4013 /* Release */ = {
			isa = XCBuildConfiguration;
			buildSettings = {
				BUNDLE_LOADER = "$(TEST_HOST)";
				CODE_SIGN_STYLE = Automatic;
				CURRENT_PROJECT_VERSION = 1;
				GENERATE_INFOPLIST_FILE = YES;
				IPHONEOS_DEPLOYMENT_TARGET = 18.0;
				MARKETING_VERSION = 1.0;
				PRODUCT_BUNDLE_IDENTIFIER = "press-f.SmackTownTests";
				PRODUCT_NAME = "$(TARGET_NAME)";
				SWIFT_EMIT_LOC_STRINGS = NO;
				SWIFT_VERSION = 5.0;
				TARGETED_DEVICE_FAMILY = "1,2";
				TEST_HOST = "$(BUILT_PRODUCTS_DIR)/SmackTown.app/$(BUNDLE_EXECUTABLE_FOLDER_PATH)/SmackTown";
			};
			name = Release;
		};
		CC0F8D912D044961009F4013 /* Debug */ = {
			isa = XCBuildConfiguration;
			buildSettings = {
				CODE_SIGN_STYLE = Automatic;
				CURRENT_PROJECT_VERSION = 1;
				GENERATE_INFOPLIST_FILE = YES;
				MARKETING_VERSION = 1.0;
				PRODUCT_BUNDLE_IDENTIFIER = "press-f.SmackTownUITests";
				PRODUCT_NAME = "$(TARGET_NAME)";
				SWIFT_EMIT_LOC_STRINGS = NO;
				SWIFT_VERSION = 5.0;
				TARGETED_DEVICE_FAMILY = "1,2";
				TEST_TARGET_NAME = SmackTown;
			};
			name = Debug;
		};
		CC0F8D922D044961009F4013 /* Release */ = {
			isa = XCBuildConfiguration;
			buildSettings = {
				CODE_SIGN_STYLE = Automatic;
				CURRENT_PROJECT_VERSION = 1;
				GENERATE_INFOPLIST_FILE = YES;
				MARKETING_VERSION = 1.0;
				PRODUCT_BUNDLE_IDENTIFIER = "press-f.SmackTownUITests";
				PRODUCT_NAME = "$(TARGET_NAME)";
				SWIFT_EMIT_LOC_STRINGS = NO;
				SWIFT_VERSION = 5.0;
				TARGETED_DEVICE_FAMILY = "1,2";
				TEST_TARGET_NAME = SmackTown;
			};
			name = Release;
		};
/* End XCBuildConfiguration section */

/* Begin XCConfigurationList section */
		CC0F8D612D04495E009F4013 /* Build configuration list for PBXProject "SmackTown" */ = {
			isa = XCConfigurationList;
			buildConfigurations = (
				CC0F8D882D044961009F4013 /* Debug */,
				CC0F8D892D044961009F4013 /* Release */,
			);
			defaultConfigurationIsVisible = 0;
			defaultConfigurationName = Release;
		};
		CC0F8D8A2D044961009F4013 /* Build configuration list for PBXNativeTarget "SmackTown" */ = {
			isa = XCConfigurationList;
			buildConfigurations = (
				CC0F8D8B2D044961009F4013 /* Debug */,
				CC0F8D8C2D044961009F4013 /* Release */,
			);
			defaultConfigurationIsVisible = 0;
			defaultConfigurationName = Release;
		};
		CC0F8D8D2D044961009F4013 /* Build configuration list for PBXNativeTarget "SmackTownTests" */ = {
			isa = XCConfigurationList;
			buildConfigurations = (
				CC0F8D8E2D044961009F4013 /* Debug */,
				CC0F8D8F2D044961009F4013 /* Release */,
			);
			defaultConfigurationIsVisible = 0;
			defaultConfigurationName = Release;
		};
		CC0F8D902D044961009F4013 /* Build configuration list for PBXNativeTarget "SmackTownUITests" */ = {
			isa = XCConfigurationList;
			buildConfigurations = (
				CC0F8D912D044961009F4013 /* Debug */,
				CC0F8D922D044961009F4013 /* Release */,
			);
			defaultConfigurationIsVisible = 0;
			defaultConfigurationName = Release;
		};
/* End XCConfigurationList section */
	};
	rootObject = CC0F8D5E2D04495E009F4013 /* Project object */;
}
